
Microsoft Visual Studio Solution File, Format Version 12.00
# Visual Studio Version 17
VisualStudioVersion = 17.14.36811.4 d17.14
MinimumVisualStudioVersion = 10.0.40219.1
Project("{FAE04EC0-301F-11D3-BF4B-00C04F79EFBC}") = "Ip_Api", "Ip_Api\Ip_Api.csproj", "{1E702D81-BB18-460B-94B8-4DA31FCA22B1}"
EndProject
Global
	GlobalSection(SolutionConfigurationPlatforms) = preSolution
		Debug|Any CPU = Debug|Any CPU
		Release|Any CPU = Release|Any CPU
	EndGlobalSection
	GlobalSection(ProjectConfigurationPlatforms) = postSolution
		{1E702D81-BB18-460B-94B8-4DA31FCA22B1}.Debug|Any CPU.ActiveCfg = Debug|Any CPU
		{1E702D81-BB18-460B-94B8-4DA31FCA22B1}.Debug|Any CPU.Build.0 = Debug|Any CPU
		{1E702D81-BB18-460B-94B8-4DA31FCA22B1}.Release|Any CPU.ActiveCfg = Release|Any CPU
		{1E702D81-BB18-460B-94B8-4DA31FCA22B1}.Release|Any CPU.Build.0 = Release|Any CPU
	EndGlobalSection
	GlobalSection(SolutionProperties) = preSolution
		HideSolutionNode = FALSE
	EndGlobalSection
	GlobalSection(ExtensibilityGlobals) = postSolution
		SolutionGuid = {9DBF8AEB-8F04-4153-ACF8-F1A6129A70FF}
	EndGlobalSection
EndGlobal
